
Microsoft Visual Studio Solution File, Format Version 11.00
# Visual Studio 2010
Project("{FAE04EC0-301F-11D3-BF4B-00C04F79EFBC}") = "iih.bd_stub", "iih.bd_stub\iih.bd_stub.csproj", "{D9CE9ADD-8876-414A-A166-AAD7DAFBD7DF}"
	ProjectSection(ProjectDependencies) = postProject
		{665AD890-F1ED-4E04-976A-602624E51C4C} = {665AD890-F1ED-4E04-976A-602624E51C4C}
	EndProjectSection
EndProject
Project("{FAE04EC0-301F-11D3-BF4B-00C04F79EFBC}") = "iih.ci_stub", "iih.ci_stub\iih.ci_stub.csproj", "{1CBD7E2C-EF7B-48E9-A6F1-95BE814A896F}"
	ProjectSection(ProjectDependencies) = postProject
		{71259229-98D0-4AE6-9C3C-6DBB6BEE12F4} = {71259229-98D0-4AE6-9C3C-6DBB6BEE12F4}
		{0BF22D39-CEE7-4A82-B80C-18854960ABEF} = {0BF22D39-CEE7-4A82-B80C-18854960ABEF}
		{D9CE9ADD-8876-414A-A166-AAD7DAFBD7DF} = {D9CE9ADD-8876-414A-A166-AAD7DAFBD7DF}
	EndProjectSection
EndProject
Project("{FAE04EC0-301F-11D3-BF4B-00C04F79EFBC}") = "iih.mm_stub", "iih.mm_stub\iih.mm_stub.csproj", "{C488434D-D83B-43EE-B437-0F699E3FAE1F}"
EndProject
Project("{FAE04EC0-301F-11D3-BF4B-00C04F79EFBC}") = "iih.bl_stub", "iih.bl_stub\iih.bl_stub.csproj", "{6F8DDB1F-7C2F-44E9-9414-7E0F4EF6727B}"
	ProjectSection(ProjectDependencies) = postProject
		{71259229-98D0-4AE6-9C3C-6DBB6BEE12F4} = {71259229-98D0-4AE6-9C3C-6DBB6BEE12F4}
		{0BF22D39-CEE7-4A82-B80C-18854960ABEF} = {0BF22D39-CEE7-4A82-B80C-18854960ABEF}
		{C488434D-D83B-43EE-B437-0F699E3FAE1F} = {C488434D-D83B-43EE-B437-0F699E3FAE1F}
		{8301BC56-F7A5-4DF1-B856-C2B270F6E94D} = {8301BC56-F7A5-4DF1-B856-C2B270F6E94D}
	EndProjectSection
EndProject
Project("{FAE04EC0-301F-11D3-BF4B-00C04F79EFBC}") = "iih.pi_stub", "iih.pi_stub\iih.pi_stub.csproj", "{71259229-98D0-4AE6-9C3C-6DBB6BEE12F4}"
EndProject
Project("{FAE04EC0-301F-11D3-BF4B-00C04F79EFBC}") = "iih.mp_stub", "iih.mp_stub\iih.mp_stub.csproj", "{9E5B6915-E835-4ABF-9404-61BAF3A3FB77}"
	ProjectSection(ProjectDependencies) = postProject
		{71259229-98D0-4AE6-9C3C-6DBB6BEE12F4} = {71259229-98D0-4AE6-9C3C-6DBB6BEE12F4}
		{1CBD7E2C-EF7B-48E9-A6F1-95BE814A896F} = {1CBD7E2C-EF7B-48E9-A6F1-95BE814A896F}
		{D9CE9ADD-8876-414A-A166-AAD7DAFBD7DF} = {D9CE9ADD-8876-414A-A166-AAD7DAFBD7DF}
	EndProjectSection
EndProject
Project("{FAE04EC0-301F-11D3-BF4B-00C04F79EFBC}") = "iih.sc_stub", "iih.sc_stub\iih.sc_stub.csproj", "{D4DDA655-0E41-4D8B-9284-1E1C8E1E36C9}"
	ProjectSection(ProjectDependencies) = postProject
		{D9CE9ADD-8876-414A-A166-AAD7DAFBD7DF} = {D9CE9ADD-8876-414A-A166-AAD7DAFBD7DF}
	EndProjectSection
EndProject
Project("{FAE04EC0-301F-11D3-BF4B-00C04F79EFBC}") = "iih.en_stub", "iih.en_stub\iih.en_stub.csproj", "{0BF22D39-CEE7-4A82-B80C-18854960ABEF}"
	ProjectSection(ProjectDependencies) = postProject
		{71259229-98D0-4AE6-9C3C-6DBB6BEE12F4} = {71259229-98D0-4AE6-9C3C-6DBB6BEE12F4}
		{8301BC56-F7A5-4DF1-B856-C2B270F6E94D} = {8301BC56-F7A5-4DF1-B856-C2B270F6E94D}
		{D9CE9ADD-8876-414A-A166-AAD7DAFBD7DF} = {D9CE9ADD-8876-414A-A166-AAD7DAFBD7DF}
	EndProjectSection
EndProject
Project("{FAE04EC0-301F-11D3-BF4B-00C04F79EFBC}") = "iih.hp_stub", "iih.hp_stub\iih.hp_stub.csproj", "{2F194436-2DE8-42C1-B70D-B6C5E1546114}"
	ProjectSection(ProjectDependencies) = postProject
		{1CBD7E2C-EF7B-48E9-A6F1-95BE814A896F} = {1CBD7E2C-EF7B-48E9-A6F1-95BE814A896F}
	EndProjectSection
EndProject
Project("{FAE04EC0-301F-11D3-BF4B-00C04F79EFBC}") = "iih.bl_common_stub", "iih.bl_common\iih.bl_common_stub.csproj", "{8301BC56-F7A5-4DF1-B856-C2B270F6E94D}"
EndProject
Project("{FAE04EC0-301F-11D3-BF4B-00C04F79EFBC}") = "iih.mkr_stub", "iih.mkr_stub\iih.mkr_stub.csproj", "{665AD890-F1ED-4E04-976A-602624E51C4C}"
EndProject
Project("{FAE04EC0-301F-11D3-BF4B-00C04F79EFBC}") = "iih.common_stub", "iih.common_stub\iih.common_stub.csproj", "{EE8F34DC-7D96-4538-97CD-73AA05EC070B}"
EndProject
Project("{FAE04EC0-301F-11D3-BF4B-00C04F79EFBC}") = "iih.nm_stub", "iih.nm_stub\iih.nm_stub.csproj", "{E9E610D6-A26E-4005-BD83-F866B4CF4AD0}"
EndProject
Global
	GlobalSection(SolutionConfigurationPlatforms) = preSolution
		Debug|Any CPU = Debug|Any CPU
		Debug|x86 = Debug|x86
		Release|Any CPU = Release|Any CPU
		Release|x86 = Release|x86
	EndGlobalSection
	GlobalSection(ProjectConfigurationPlatforms) = postSolution
		{D9CE9ADD-8876-414A-A166-AAD7DAFBD7DF}.Debug|Any CPU.ActiveCfg = Debug|Any CPU
		{D9CE9ADD-8876-414A-A166-AAD7DAFBD7DF}.Debug|Any CPU.Build.0 = Debug|Any CPU
		{D9CE9ADD-8876-414A-A166-AAD7DAFBD7DF}.Debug|x86.ActiveCfg = Debug|Any CPU
		{D9CE9ADD-8876-414A-A166-AAD7DAFBD7DF}.Debug|x86.Build.0 = Debug|Any CPU
		{D9CE9ADD-8876-414A-A166-AAD7DAFBD7DF}.Release|Any CPU.ActiveCfg = Release|Any CPU
		{D9CE9ADD-8876-414A-A166-AAD7DAFBD7DF}.Release|Any CPU.Build.0 = Release|Any CPU
		{D9CE9ADD-8876-414A-A166-AAD7DAFBD7DF}.Release|x86.ActiveCfg = Release|Any CPU
		{D9CE9ADD-8876-414A-A166-AAD7DAFBD7DF}.Release|x86.Build.0 = Release|Any CPU
		{1CBD7E2C-EF7B-48E9-A6F1-95BE814A896F}.Debug|Any CPU.ActiveCfg = Debug|Any CPU
		{1CBD7E2C-EF7B-48E9-A6F1-95BE814A896F}.Debug|Any CPU.Build.0 = Debug|Any CPU
		{1CBD7E2C-EF7B-48E9-A6F1-95BE814A896F}.Debug|x86.ActiveCfg = Debug|Any CPU
		{1CBD7E2C-EF7B-48E9-A6F1-95BE814A896F}.Debug|x86.Build.0 = Debug|Any CPU
		{1CBD7E2C-EF7B-48E9-A6F1-95BE814A896F}.Release|Any CPU.ActiveCfg = Release|Any CPU
		{1CBD7E2C-EF7B-48E9-A6F1-95BE814A896F}.Release|Any CPU.Build.0 = Release|Any CPU
		{1CBD7E2C-EF7B-48E9-A6F1-95BE814A896F}.Release|x86.ActiveCfg = Release|Any CPU
		{1CBD7E2C-EF7B-48E9-A6F1-95BE814A896F}.Release|x86.Build.0 = Release|Any CPU
		{C488434D-D83B-43EE-B437-0F699E3FAE1F}.Debug|Any CPU.ActiveCfg = Debug|Any CPU
		{C488434D-D83B-43EE-B437-0F699E3FAE1F}.Debug|Any CPU.Build.0 = Debug|Any CPU
		{C488434D-D83B-43EE-B437-0F699E3FAE1F}.Debug|x86.ActiveCfg = Debug|Any CPU
		{C488434D-D83B-43EE-B437-0F699E3FAE1F}.Debug|x86.Build.0 = Debug|Any CPU
		{C488434D-D83B-43EE-B437-0F699E3FAE1F}.Release|Any CPU.ActiveCfg = Release|Any CPU
		{C488434D-D83B-43EE-B437-0F699E3FAE1F}.Release|Any CPU.Build.0 = Release|Any CPU
		{C488434D-D83B-43EE-B437-0F699E3FAE1F}.Release|x86.ActiveCfg = Release|Any CPU
		{C488434D-D83B-43EE-B437-0F699E3FAE1F}.Release|x86.Build.0 = Release|Any CPU
		{6F8DDB1F-7C2F-44E9-9414-7E0F4EF6727B}.Debug|Any CPU.ActiveCfg = Debug|Any CPU
		{6F8DDB1F-7C2F-44E9-9414-7E0F4EF6727B}.Debug|Any CPU.Build.0 = Debug|Any CPU
		{6F8DDB1F-7C2F-44E9-9414-7E0F4EF6727B}.Debug|x86.ActiveCfg = Debug|Any CPU
		{6F8DDB1F-7C2F-44E9-9414-7E0F4EF6727B}.Debug|x86.Build.0 = Debug|Any CPU
		{6F8DDB1F-7C2F-44E9-9414-7E0F4EF6727B}.Release|Any CPU.ActiveCfg = Release|Any CPU
		{6F8DDB1F-7C2F-44E9-9414-7E0F4EF6727B}.Release|Any CPU.Build.0 = Release|Any CPU
		{6F8DDB1F-7C2F-44E9-9414-7E0F4EF6727B}.Release|x86.ActiveCfg = Release|Any CPU
		{6F8DDB1F-7C2F-44E9-9414-7E0F4EF6727B}.Release|x86.Build.0 = Release|Any CPU
		{71259229-98D0-4AE6-9C3C-6DBB6BEE12F4}.Debug|Any CPU.ActiveCfg = Debug|Any CPU
		{71259229-98D0-4AE6-9C3C-6DBB6BEE12F4}.Debug|Any CPU.Build.0 = Debug|Any CPU
		{71259229-98D0-4AE6-9C3C-6DBB6BEE12F4}.Debug|x86.ActiveCfg = Debug|Any CPU
		{71259229-98D0-4AE6-9C3C-6DBB6BEE12F4}.Debug|x86.Build.0 = Debug|Any CPU
		{71259229-98D0-4AE6-9C3C-6DBB6BEE12F4}.Release|Any CPU.ActiveCfg = Release|Any CPU
		{71259229-98D0-4AE6-9C3C-6DBB6BEE12F4}.Release|Any CPU.Build.0 = Release|Any CPU
		{71259229-98D0-4AE6-9C3C-6DBB6BEE12F4}.Release|x86.ActiveCfg = Release|Any CPU
		{71259229-98D0-4AE6-9C3C-6DBB6BEE12F4}.Release|x86.Build.0 = Release|Any CPU
		{9E5B6915-E835-4ABF-9404-61BAF3A3FB77}.Debug|Any CPU.ActiveCfg = Debug|Any CPU
		{9E5B6915-E835-4ABF-9404-61BAF3A3FB77}.Debug|Any CPU.Build.0 = Debug|Any CPU
		{9E5B6915-E835-4ABF-9404-61BAF3A3FB77}.Debug|x86.ActiveCfg = Debug|Any CPU
		{9E5B6915-E835-4ABF-9404-61BAF3A3FB77}.Debug|x86.Build.0 = Debug|Any CPU
		{9E5B6915-E835-4ABF-9404-61BAF3A3FB77}.Release|Any CPU.ActiveCfg = Release|Any CPU
		{9E5B6915-E835-4ABF-9404-61BAF3A3FB77}.Release|Any CPU.Build.0 = Release|Any CPU
		{9E5B6915-E835-4ABF-9404-61BAF3A3FB77}.Release|x86.ActiveCfg = Release|Any CPU
		{9E5B6915-E835-4ABF-9404-61BAF3A3FB77}.Release|x86.Build.0 = Release|Any CPU
		{D4DDA655-0E41-4D8B-9284-1E1C8E1E36C9}.Debug|Any CPU.ActiveCfg = Debug|Any CPU
		{D4DDA655-0E41-4D8B-9284-1E1C8E1E36C9}.Debug|Any CPU.Build.0 = Debug|Any CPU
		{D4DDA655-0E41-4D8B-9284-1E1C8E1E36C9}.Debug|x86.ActiveCfg = Debug|Any CPU
		{D4DDA655-0E41-4D8B-9284-1E1C8E1E36C9}.Debug|x86.Build.0 = Debug|Any CPU
		{D4DDA655-0E41-4D8B-9284-1E1C8E1E36C9}.Release|Any CPU.ActiveCfg = Release|Any CPU
		{D4DDA655-0E41-4D8B-9284-1E1C8E1E36C9}.Release|Any CPU.Build.0 = Release|Any CPU
		{D4DDA655-0E41-4D8B-9284-1E1C8E1E36C9}.Release|x86.ActiveCfg = Release|Any CPU
		{D4DDA655-0E41-4D8B-9284-1E1C8E1E36C9}.Release|x86.Build.0 = Release|Any CPU
		{0BF22D39-CEE7-4A82-B80C-18854960ABEF}.Debug|Any CPU.ActiveCfg = Debug|Any CPU
		{0BF22D39-CEE7-4A82-B80C-18854960ABEF}.Debug|Any CPU.Build.0 = Debug|Any CPU
		{0BF22D39-CEE7-4A82-B80C-18854960ABEF}.Debug|x86.ActiveCfg = Debug|Any CPU
		{0BF22D39-CEE7-4A82-B80C-18854960ABEF}.Debug|x86.Build.0 = Debug|Any CPU
		{0BF22D39-CEE7-4A82-B80C-18854960ABEF}.Release|Any CPU.ActiveCfg = Release|Any CPU
		{0BF22D39-CEE7-4A82-B80C-18854960ABEF}.Release|Any CPU.Build.0 = Release|Any CPU
		{0BF22D39-CEE7-4A82-B80C-18854960ABEF}.Release|x86.ActiveCfg = Release|Any CPU
		{0BF22D39-CEE7-4A82-B80C-18854960ABEF}.Release|x86.Build.0 = Release|Any CPU
		{2F194436-2DE8-42C1-B70D-B6C5E1546114}.Debug|Any CPU.ActiveCfg = Debug|Any CPU
		{2F194436-2DE8-42C1-B70D-B6C5E1546114}.Debug|Any CPU.Build.0 = Debug|Any CPU
		{2F194436-2DE8-42C1-B70D-B6C5E1546114}.Debug|x86.ActiveCfg = Debug|Any CPU
		{2F194436-2DE8-42C1-B70D-B6C5E1546114}.Debug|x86.Build.0 = Debug|Any CPU
		{2F194436-2DE8-42C1-B70D-B6C5E1546114}.Release|Any CPU.ActiveCfg = Release|Any CPU
		{2F194436-2DE8-42C1-B70D-B6C5E1546114}.Release|Any CPU.Build.0 = Release|Any CPU
		{2F194436-2DE8-42C1-B70D-B6C5E1546114}.Release|x86.ActiveCfg = Release|Any CPU
		{2F194436-2DE8-42C1-B70D-B6C5E1546114}.Release|x86.Build.0 = Release|Any CPU
		{8301BC56-F7A5-4DF1-B856-C2B270F6E94D}.Debug|Any CPU.ActiveCfg = Debug|Any CPU
		{8301BC56-F7A5-4DF1-B856-C2B270F6E94D}.Debug|Any CPU.Build.0 = Debug|Any CPU
		{8301BC56-F7A5-4DF1-B856-C2B270F6E94D}.Debug|x86.ActiveCfg = Debug|Any CPU
		{8301BC56-F7A5-4DF1-B856-C2B270F6E94D}.Debug|x86.Build.0 = Debug|Any CPU
		{8301BC56-F7A5-4DF1-B856-C2B270F6E94D}.Release|Any CPU.ActiveCfg = Release|Any CPU
		{8301BC56-F7A5-4DF1-B856-C2B270F6E94D}.Release|Any CPU.Build.0 = Release|Any CPU
		{8301BC56-F7A5-4DF1-B856-C2B270F6E94D}.Release|x86.ActiveCfg = Release|Any CPU
		{8301BC56-F7A5-4DF1-B856-C2B270F6E94D}.Release|x86.Build.0 = Release|Any CPU
		{665AD890-F1ED-4E04-976A-602624E51C4C}.Debug|Any CPU.ActiveCfg = Debug|Any CPU
		{665AD890-F1ED-4E04-976A-602624E51C4C}.Debug|Any CPU.Build.0 = Debug|Any CPU
		{665AD890-F1ED-4E04-976A-602624E51C4C}.Debug|x86.ActiveCfg = Debug|Any CPU
		{665AD890-F1ED-4E04-976A-602624E51C4C}.Debug|x86.Build.0 = Debug|Any CPU
		{665AD890-F1ED-4E04-976A-602624E51C4C}.Release|Any CPU.ActiveCfg = Release|Any CPU
		{665AD890-F1ED-4E04-976A-602624E51C4C}.Release|Any CPU.Build.0 = Release|Any CPU
		{665AD890-F1ED-4E04-976A-602624E51C4C}.Release|x86.ActiveCfg = Release|Any CPU
		{665AD890-F1ED-4E04-976A-602624E51C4C}.Release|x86.Build.0 = Release|Any CPU
		{EE8F34DC-7D96-4538-97CD-73AA05EC070B}.Debug|Any CPU.ActiveCfg = Debug|Any CPU
		{EE8F34DC-7D96-4538-97CD-73AA05EC070B}.Debug|Any CPU.Build.0 = Debug|Any CPU
		{EE8F34DC-7D96-4538-97CD-73AA05EC070B}.Debug|x86.ActiveCfg = Debug|Any CPU
		{EE8F34DC-7D96-4538-97CD-73AA05EC070B}.Debug|x86.Build.0 = Debug|Any CPU
		{EE8F34DC-7D96-4538-97CD-73AA05EC070B}.Release|Any CPU.ActiveCfg = Release|Any CPU
		{EE8F34DC-7D96-4538-97CD-73AA05EC070B}.Release|Any CPU.Build.0 = Release|Any CPU
		{EE8F34DC-7D96-4538-97CD-73AA05EC070B}.Release|x86.ActiveCfg = Release|Any CPU
		{EE8F34DC-7D96-4538-97CD-73AA05EC070B}.Release|x86.Build.0 = Release|Any CPU
		{E9E610D6-A26E-4005-BD83-F866B4CF4AD0}.Debug|Any CPU.ActiveCfg = Debug|Any CPU
		{E9E610D6-A26E-4005-BD83-F866B4CF4AD0}.Debug|Any CPU.Build.0 = Debug|Any CPU
		{E9E610D6-A26E-4005-BD83-F866B4CF4AD0}.Debug|x86.ActiveCfg = Debug|Any CPU
		{E9E610D6-A26E-4005-BD83-F866B4CF4AD0}.Debug|x86.Build.0 = Debug|Any CPU
		{E9E610D6-A26E-4005-BD83-F866B4CF4AD0}.Release|Any CPU.ActiveCfg = Release|Any CPU
		{E9E610D6-A26E-4005-BD83-F866B4CF4AD0}.Release|Any CPU.Build.0 = Release|Any CPU
		{E9E610D6-A26E-4005-BD83-F866B4CF4AD0}.Release|x86.ActiveCfg = Release|x86
		{E9E610D6-A26E-4005-BD83-F866B4CF4AD0}.Release|x86.Build.0 = Release|x86
	EndGlobalSection
	GlobalSection(SolutionProperties) = preSolution
		HideSolutionNode = FALSE
	EndGlobalSection
EndGlobal
